
Microsoft Visual Studio Solution File, Format Version 12.00
# Visual Studio Version 17
VisualStudioVersion = 17.6.33829.357
MinimumVisualStudioVersion = 10.0.40219.1
Project("{FAE04EC0-301F-11D3-BF4B-00C04F79EFBC}") = "MagicVilla_API", "MagicVilla_API\MagicVilla_API.csproj", "{45AFFA82-432D-44F3-B8CA-7E270E292EA7}"
EndProject
Global
	GlobalSection(SolutionConfigurationPlatforms) = preSolution
		Debug|Any CPU = Debug|Any CPU
		Release|Any CPU = Release|Any CPU
	EndGlobalSection
	GlobalSection(ProjectConfigurationPlatforms) = postSolution
		{45AFFA82-432D-44F3-B8CA-7E270E292EA7}.Debug|Any CPU.ActiveCfg = Debug|Any CPU
		{45AFFA82-432D-44F3-B8CA-7E270E292EA7}.Debug|Any CPU.Build.0 = Debug|Any CPU
		{45AFFA82-432D-44F3-B8CA-7E270E292EA7}.Release|Any CPU.ActiveCfg = Release|Any CPU
		{45AFFA82-432D-44F3-B8CA-7E270E292EA7}.Release|Any CPU.Build.0 = Release|Any CPU
	EndGlobalSection
	GlobalSection(SolutionProperties) = preSolution
		HideSolutionNode = FALSE
	EndGlobalSection
	GlobalSection(ExtensibilityGlobals) = postSolution
		SolutionGuid = {5D4EB4C7-4C25-4F6B-A6A0-5AA96EE74B8A}
	EndGlobalSection
EndGlobal
